
Microsoft Visual Studio Solution File, Format Version 12.00
# Visual Studio Version 16
VisualStudioVersion = 16.0.29613.14
MinimumVisualStudioVersion = 10.0.40219.1
Project("{FAE04EC0-301F-11D3-BF4B-00C04F79EFBC}") = "RSSAppApi", "RSSAppApi\RSSAppApi.csproj", "{5D386291-3328-4EDD-968F-5155116272B1}"
EndProject
Project("{FAE04EC0-301F-11D3-BF4B-00C04F79EFBC}") = "RSSAppIdentityServer", "RSSAppIdentityServer\RSSAppIdentityServer.csproj", "{F02692D3-BBA6-4649-A9BE-2E384F664AB3}"
EndProject
Project("{FAE04EC0-301F-11D3-BF4B-00C04F79EFBC}") = "RSSAppWebClient", "RSSAppWebClient\RSSAppWebClient.csproj", "{332E1E56-7616-4D0A-A64D-B817BA34FAC9}"
EndProject
Global
	GlobalSection(SolutionConfigurationPlatforms) = preSolution
		Debug|Any CPU = Debug|Any CPU
		Release|Any CPU = Release|Any CPU
	EndGlobalSection
	GlobalSection(ProjectConfigurationPlatforms) = postSolution
		{5D386291-3328-4EDD-968F-5155116272B1}.Debug|Any CPU.ActiveCfg = Debug|Any CPU
		{5D386291-3328-4EDD-968F-5155116272B1}.Debug|Any CPU.Build.0 = Debug|Any CPU
		{5D386291-3328-4EDD-968F-5155116272B1}.Release|Any CPU.ActiveCfg = Release|Any CPU
		{5D386291-3328-4EDD-968F-5155116272B1}.Release|Any CPU.Build.0 = Release|Any CPU
		{F02692D3-BBA6-4649-A9BE-2E384F664AB3}.Debug|Any CPU.ActiveCfg = Debug|Any CPU
		{F02692D3-BBA6-4649-A9BE-2E384F664AB3}.Debug|Any CPU.Build.0 = Debug|Any CPU
		{F02692D3-BBA6-4649-A9BE-2E384F664AB3}.Release|Any CPU.ActiveCfg = Release|Any CPU
		{F02692D3-BBA6-4649-A9BE-2E384F664AB3}.Release|Any CPU.Build.0 = Release|Any CPU
		{332E1E56-7616-4D0A-A64D-B817BA34FAC9}.Debug|Any CPU.ActiveCfg = Debug|Any CPU
		{332E1E56-7616-4D0A-A64D-B817BA34FAC9}.Debug|Any CPU.Build.0 = Debug|Any CPU
		{332E1E56-7616-4D0A-A64D-B817BA34FAC9}.Release|Any CPU.ActiveCfg = Release|Any CPU
		{332E1E56-7616-4D0A-A64D-B817BA34FAC9}.Release|Any CPU.Build.0 = Release|Any CPU
	EndGlobalSection
	GlobalSection(SolutionProperties) = preSolution
		HideSolutionNode = FALSE
	EndGlobalSection
	GlobalSection(ExtensibilityGlobals) = postSolution
		SolutionGuid = {6BC8DFFA-0E16-4E82-B95F-9E89E04A8505}
	EndGlobalSection
EndGlobal
